
Microsoft Visual Studio Solution File, Format Version 12.00
# Visual Studio Version 17
VisualStudioVersion = 17.8.34408.163
MinimumVisualStudioVersion = 10.0.40219.1
Project("{FAE04EC0-301F-11D3-BF4B-00C04F79EFBC}") = "SW.MB.UI.WPF.Host", "SW.MB.UI.WPF.Host\SW.MB.UI.WPF.Host.csproj", "{7F803BF6-641F-49AB-82F1-05ACAB2C5C70}"
EndProject
Project("{FAE04EC0-301F-11D3-BF4B-00C04F79EFBC}") = "SW.MB.Domain", "SW.MB.Domain\SW.MB.Domain.csproj", "{C88B880B-729B-4F45-8CA2-488E62D30296}"
EndProject
Project("{FAE04EC0-301F-11D3-BF4B-00C04F79EFBC}") = "SW.MB.Application.Contracts", "SW.MB.Application.Contracts\SW.MB.Application.Contracts.csproj", "{6661AE79-369C-4F2D-B757-60A00B4C1058}"
EndProject
Project("{FAE04EC0-301F-11D3-BF4B-00C04F79EFBC}") = "SW.MB.Domain.Shared", "SW.MB.Domain.Shared\SW.MB.Domain.Shared.csproj", "{FAB2681D-135C-4C57-AA52-CBF825080466}"
EndProject
Project("{FAE04EC0-301F-11D3-BF4B-00C04F79EFBC}") = "SW.MB.EFCore", "SW.MB.EFCore\SW.MB.EFCore.csproj", "{C895D9B5-6BB8-439C-BF16-91DE62AC72BD}"
EndProject
Project("{FAE04EC0-301F-11D3-BF4B-00C04F79EFBC}") = "SW.MB.EFCore.DbMigrations", "SW.MB.EFCore.DbMigrations\SW.MB.EFCore.DbMigrations.csproj", "{F6982769-5390-410D-80A5-AA895DDBAD75}"
EndProject
Project("{2150E333-8FDC-42A3-9474-1A3956D46DE8}") = "Tests", "Tests", "{0537110E-2477-48C2-A062-5E2AFD4E9E67}"
EndProject
Project("{FAE04EC0-301F-11D3-BF4B-00C04F79EFBC}") = "SW.MB.Test.UnitTests", "SW.MB.Test.UnitTests\SW.MB.Test.UnitTests.csproj", "{C0E694E9-2978-4AED-9C85-86FBAFA7A8AA}"
EndProject
Project("{FAE04EC0-301F-11D3-BF4B-00C04F79EFBC}") = "SW.MB.DbMigrator", "SW.MB.DbMigrator\SW.MB.DbMigrator.csproj", "{DEAA7EE4-A003-4E67-A239-A0EB346CE11C}"
EndProject
Project("{FAE04EC0-301F-11D3-BF4B-00C04F79EFBC}") = "SW.MB.UI.WPF", "SW.MB.UI.WPF\SW.MB.UI.WPF.csproj", "{EA1635D8-8F19-4E34-B651-2F17F5CAF69A}"
EndProject
Project("{FAE04EC0-301F-11D3-BF4B-00C04F79EFBC}") = "SW.MB.Application.WPF", "SW.MB.Application.WPF\SW.MB.Application.WPF.csproj", "{2531E623-4B27-4201-918A-B40184EE9FC8}"
EndProject
Global
	GlobalSection(SolutionConfigurationPlatforms) = preSolution
		Debug|Any CPU = Debug|Any CPU
		Release|Any CPU = Release|Any CPU
	EndGlobalSection
	GlobalSection(ProjectConfigurationPlatforms) = postSolution
		{6661AE79-369C-4F2D-B757-60A00B4C1058}.Debug|Any CPU.ActiveCfg = Debug|Any CPU
		{6661AE79-369C-4F2D-B757-60A00B4C1058}.Debug|Any CPU.Build.0 = Debug|Any CPU
		{6661AE79-369C-4F2D-B757-60A00B4C1058}.Release|Any CPU.ActiveCfg = Release|Any CPU
		{6661AE79-369C-4F2D-B757-60A00B4C1058}.Release|Any CPU.Build.0 = Release|Any CPU
		{C88B880B-729B-4F45-8CA2-488E62D30296}.Debug|Any CPU.ActiveCfg = Debug|Any CPU
		{C88B880B-729B-4F45-8CA2-488E62D30296}.Debug|Any CPU.Build.0 = Debug|Any CPU
		{C88B880B-729B-4F45-8CA2-488E62D30296}.Release|Any CPU.ActiveCfg = Release|Any CPU
		{C88B880B-729B-4F45-8CA2-488E62D30296}.Release|Any CPU.Build.0 = Release|Any CPU
		{FAB2681D-135C-4C57-AA52-CBF825080466}.Debug|Any CPU.ActiveCfg = Debug|Any CPU
		{FAB2681D-135C-4C57-AA52-CBF825080466}.Debug|Any CPU.Build.0 = Debug|Any CPU
		{FAB2681D-135C-4C57-AA52-CBF825080466}.Release|Any CPU.ActiveCfg = Release|Any CPU
		{FAB2681D-135C-4C57-AA52-CBF825080466}.Release|Any CPU.Build.0 = Release|Any CPU
		{C895D9B5-6BB8-439C-BF16-91DE62AC72BD}.Debug|Any CPU.ActiveCfg = Debug|Any CPU
		{C895D9B5-6BB8-439C-BF16-91DE62AC72BD}.Debug|Any CPU.Build.0 = Debug|Any CPU
		{C895D9B5-6BB8-439C-BF16-91DE62AC72BD}.Release|Any CPU.ActiveCfg = Release|Any CPU
		{C895D9B5-6BB8-439C-BF16-91DE62AC72BD}.Release|Any CPU.Build.0 = Release|Any CPU
		{F6982769-5390-410D-80A5-AA895DDBAD75}.Debug|Any CPU.ActiveCfg = Debug|Any CPU
		{F6982769-5390-410D-80A5-AA895DDBAD75}.Debug|Any CPU.Build.0 = Debug|Any CPU
		{F6982769-5390-410D-80A5-AA895DDBAD75}.Release|Any CPU.ActiveCfg = Release|Any CPU
		{F6982769-5390-410D-80A5-AA895DDBAD75}.Release|Any CPU.Build.0 = Release|Any CPU
		{C0E694E9-2978-4AED-9C85-86FBAFA7A8AA}.Debug|Any CPU.ActiveCfg = Debug|Any CPU
		{C0E694E9-2978-4AED-9C85-86FBAFA7A8AA}.Debug|Any CPU.Build.0 = Debug|Any CPU
		{C0E694E9-2978-4AED-9C85-86FBAFA7A8AA}.Release|Any CPU.ActiveCfg = Release|Any CPU
		{C0E694E9-2978-4AED-9C85-86FBAFA7A8AA}.Release|Any CPU.Build.0 = Release|Any CPU
		{DEAA7EE4-A003-4E67-A239-A0EB346CE11C}.Debug|Any CPU.ActiveCfg = Debug|Any CPU
		{DEAA7EE4-A003-4E67-A239-A0EB346CE11C}.Debug|Any CPU.Build.0 = Debug|Any CPU
		{DEAA7EE4-A003-4E67-A239-A0EB346CE11C}.Release|Any CPU.ActiveCfg = Release|Any CPU
		{DEAA7EE4-A003-4E67-A239-A0EB346CE11C}.Release|Any CPU.Build.0 = Release|Any CPU
		{7F803BF6-641F-49AB-82F1-05ACAB2C5C70}.Debug|Any CPU.ActiveCfg = Debug|Any CPU
		{7F803BF6-641F-49AB-82F1-05ACAB2C5C70}.Debug|Any CPU.Build.0 = Debug|Any CPU
		{7F803BF6-641F-49AB-82F1-05ACAB2C5C70}.Release|Any CPU.ActiveCfg = Release|Any CPU
		{7F803BF6-641F-49AB-82F1-05ACAB2C5C70}.Release|Any CPU.Build.0 = Release|Any CPU
		{EA1635D8-8F19-4E34-B651-2F17F5CAF69A}.Debug|Any CPU.ActiveCfg = Debug|Any CPU
		{EA1635D8-8F19-4E34-B651-2F17F5CAF69A}.Debug|Any CPU.Build.0 = Debug|Any CPU
		{EA1635D8-8F19-4E34-B651-2F17F5CAF69A}.Release|Any CPU.ActiveCfg = Release|Any CPU
		{EA1635D8-8F19-4E34-B651-2F17F5CAF69A}.Release|Any CPU.Build.0 = Release|Any CPU
		{2531E623-4B27-4201-918A-B40184EE9FC8}.Debug|Any CPU.ActiveCfg = Debug|Any CPU
		{2531E623-4B27-4201-918A-B40184EE9FC8}.Debug|Any CPU.Build.0 = Debug|Any CPU
		{2531E623-4B27-4201-918A-B40184EE9FC8}.Release|Any CPU.ActiveCfg = Release|Any CPU
		{2531E623-4B27-4201-918A-B40184EE9FC8}.Release|Any CPU.Build.0 = Release|Any CPU
	EndGlobalSection
	GlobalSection(SolutionProperties) = preSolution
		HideSolutionNode = FALSE
	EndGlobalSection
	GlobalSection(NestedProjects) = preSolution
		{C0E694E9-2978-4AED-9C85-86FBAFA7A8AA} = {0537110E-2477-48C2-A062-5E2AFD4E9E67}
	EndGlobalSection
	GlobalSection(ExtensibilityGlobals) = postSolution
		SolutionGuid = {B817C03A-2A7C-4A86-8AA2-B912875998DE}
	EndGlobalSection
EndGlobal
