
Microsoft Visual Studio Solution File, Format Version 12.00
# Visual Studio Version 17
VisualStudioVersion = 17.2.32630.192
MinimumVisualStudioVersion = 10.0.40219.1
Project("{FAE04EC0-301F-11D3-BF4B-00C04F79EFBC}") = "SW.MB.UI.WPF", "SW.MB.UI.WPF\SW.MB.UI.WPF.csproj", "{A6B20402-2BC7-40EF-B571-9DDEA2EA1D3A}"
EndProject
Project("{FAE04EC0-301F-11D3-BF4B-00C04F79EFBC}") = "SW.MB.Data", "SW.MB.Data\SW.MB.Data.csproj", "{E4FFE42D-1727-4F61-8675-D32931E71381}"
EndProject
Project("{FAE04EC0-301F-11D3-BF4B-00C04F79EFBC}") = "SW.MB.Domain", "SW.MB.Domain\SW.MB.Domain.csproj", "{5C647C7E-76A7-46CB-9280-4E469E1CC8B2}"
EndProject
Global
	GlobalSection(SolutionConfigurationPlatforms) = preSolution
		Debug|Any CPU = Debug|Any CPU
		Release|Any CPU = Release|Any CPU
	EndGlobalSection
	GlobalSection(ProjectConfigurationPlatforms) = postSolution
		{A6B20402-2BC7-40EF-B571-9DDEA2EA1D3A}.Debug|Any CPU.ActiveCfg = Debug|Any CPU
		{A6B20402-2BC7-40EF-B571-9DDEA2EA1D3A}.Debug|Any CPU.Build.0 = Debug|Any CPU
		{A6B20402-2BC7-40EF-B571-9DDEA2EA1D3A}.Release|Any CPU.ActiveCfg = Release|Any CPU
		{A6B20402-2BC7-40EF-B571-9DDEA2EA1D3A}.Release|Any CPU.Build.0 = Release|Any CPU
		{E4FFE42D-1727-4F61-8675-D32931E71381}.Debug|Any CPU.ActiveCfg = Debug|Any CPU
		{E4FFE42D-1727-4F61-8675-D32931E71381}.Debug|Any CPU.Build.0 = Debug|Any CPU
		{E4FFE42D-1727-4F61-8675-D32931E71381}.Release|Any CPU.ActiveCfg = Release|Any CPU
		{E4FFE42D-1727-4F61-8675-D32931E71381}.Release|Any CPU.Build.0 = Release|Any CPU
		{5C647C7E-76A7-46CB-9280-4E469E1CC8B2}.Debug|Any CPU.ActiveCfg = Debug|Any CPU
		{5C647C7E-76A7-46CB-9280-4E469E1CC8B2}.Debug|Any CPU.Build.0 = Debug|Any CPU
		{5C647C7E-76A7-46CB-9280-4E469E1CC8B2}.Release|Any CPU.ActiveCfg = Release|Any CPU
		{5C647C7E-76A7-46CB-9280-4E469E1CC8B2}.Release|Any CPU.Build.0 = Release|Any CPU
	EndGlobalSection
	GlobalSection(SolutionProperties) = preSolution
		HideSolutionNode = FALSE
	EndGlobalSection
	GlobalSection(ExtensibilityGlobals) = postSolution
		SolutionGuid = {CC750014-3881-47F5-9AED-A7FF3EBD17C1}
	EndGlobalSection
EndGlobal
