
Microsoft Visual Studio Solution File, Format Version 12.00
# Visual Studio Version 17
VisualStudioVersion = 17.2.32630.192
MinimumVisualStudioVersion = 10.0.40219.1
Project("{2150E333-8FDC-42A3-9474-1A3956D46DE8}") = "0 Data Access Layer", "0 Data Access Layer", "{B14F89D6-E7EA-4DD2-9DB8-FCF67CD5921F}"
EndProject
Project("{2150E333-8FDC-42A3-9474-1A3956D46DE8}") = "1 Business Logic Layer", "1 Business Logic Layer", "{2FB642A5-1CE9-4E65-85C3-DC06A96541BF}"
EndProject
Project("{2150E333-8FDC-42A3-9474-1A3956D46DE8}") = "2 Presentation Layer", "2 Presentation Layer", "{25D02574-EC8B-4818-8694-666791A6CA36}"
EndProject
Project("{FAE04EC0-301F-11D3-BF4B-00C04F79EFBC}") = "SW.MB.UI.WPF", "SW.MB.UI.WPF\SW.MB.UI.WPF.csproj", "{F43D97D2-A84E-4598-BE12-A70E27F92833}"
EndProject
Project("{FAE04EC0-301F-11D3-BF4B-00C04F79EFBC}") = "SW.MB.BL", "SW.MB.BL\SW.MB.BL.csproj", "{D9885DC0-EC9F-496B-AD4B-1E1530526A33}"
EndProject
Project("{FAE04EC0-301F-11D3-BF4B-00C04F79EFBC}") = "SW.MB.DA", "SW.MB.DA\SW.MB.DA.csproj", "{8578958D-77E0-42BE-AEE1-E556488F109D}"
EndProject
Project("{FAE04EC0-301F-11D3-BF4B-00C04F79EFBC}") = "SW.MB.DA.MySql", "SW.MB.DA.MySql\SW.MB.DA.MySql.csproj", "{624752EE-F1F3-45C1-80FD-C117DF873B59}"
EndProject
Project("{FAE04EC0-301F-11D3-BF4B-00C04F79EFBC}") = "SW.MB.DA.Sqlite", "SW.MB.DA.Sqlite\SW.MB.DA.Sqlite.csproj", "{3E9FC693-ED4F-43AB-921F-9B573BA517BC}"
EndProject
Project("{FAE04EC0-301F-11D3-BF4B-00C04F79EFBC}") = "SW.MB.UI.WPF.Desktop", "SW.MB.UI.WPF.Desktop\SW.MB.UI.WPF.Desktop.csproj", "{AAA90D34-001F-4D82-B785-07701410D1FD}"
EndProject
Project("{FAE04EC0-301F-11D3-BF4B-00C04F79EFBC}") = "SW.MB.DA.Backuped", "SW.MB.DA.Backuped\SW.MB.DA.Backuped.csproj", "{41F23214-D1C6-46FD-9447-A221D02008EE}"
EndProject
Global
	GlobalSection(SolutionConfigurationPlatforms) = preSolution
		Debug|Any CPU = Debug|Any CPU
		Release|Any CPU = Release|Any CPU
	EndGlobalSection
	GlobalSection(ProjectConfigurationPlatforms) = postSolution
		{F43D97D2-A84E-4598-BE12-A70E27F92833}.Debug|Any CPU.ActiveCfg = Debug|Any CPU
		{F43D97D2-A84E-4598-BE12-A70E27F92833}.Debug|Any CPU.Build.0 = Debug|Any CPU
		{F43D97D2-A84E-4598-BE12-A70E27F92833}.Release|Any CPU.ActiveCfg = Release|Any CPU
		{F43D97D2-A84E-4598-BE12-A70E27F92833}.Release|Any CPU.Build.0 = Release|Any CPU
		{D9885DC0-EC9F-496B-AD4B-1E1530526A33}.Debug|Any CPU.ActiveCfg = Debug|Any CPU
		{D9885DC0-EC9F-496B-AD4B-1E1530526A33}.Debug|Any CPU.Build.0 = Debug|Any CPU
		{D9885DC0-EC9F-496B-AD4B-1E1530526A33}.Release|Any CPU.ActiveCfg = Release|Any CPU
		{D9885DC0-EC9F-496B-AD4B-1E1530526A33}.Release|Any CPU.Build.0 = Release|Any CPU
		{8578958D-77E0-42BE-AEE1-E556488F109D}.Debug|Any CPU.ActiveCfg = Debug|Any CPU
		{8578958D-77E0-42BE-AEE1-E556488F109D}.Debug|Any CPU.Build.0 = Debug|Any CPU
		{8578958D-77E0-42BE-AEE1-E556488F109D}.Release|Any CPU.ActiveCfg = Release|Any CPU
		{8578958D-77E0-42BE-AEE1-E556488F109D}.Release|Any CPU.Build.0 = Release|Any CPU
		{624752EE-F1F3-45C1-80FD-C117DF873B59}.Debug|Any CPU.ActiveCfg = Debug|Any CPU
		{624752EE-F1F3-45C1-80FD-C117DF873B59}.Debug|Any CPU.Build.0 = Debug|Any CPU
		{624752EE-F1F3-45C1-80FD-C117DF873B59}.Release|Any CPU.ActiveCfg = Release|Any CPU
		{624752EE-F1F3-45C1-80FD-C117DF873B59}.Release|Any CPU.Build.0 = Release|Any CPU
		{3E9FC693-ED4F-43AB-921F-9B573BA517BC}.Debug|Any CPU.ActiveCfg = Debug|Any CPU
		{3E9FC693-ED4F-43AB-921F-9B573BA517BC}.Debug|Any CPU.Build.0 = Debug|Any CPU
		{3E9FC693-ED4F-43AB-921F-9B573BA517BC}.Release|Any CPU.ActiveCfg = Release|Any CPU
		{3E9FC693-ED4F-43AB-921F-9B573BA517BC}.Release|Any CPU.Build.0 = Release|Any CPU
		{AAA90D34-001F-4D82-B785-07701410D1FD}.Debug|Any CPU.ActiveCfg = Debug|Any CPU
		{AAA90D34-001F-4D82-B785-07701410D1FD}.Debug|Any CPU.Build.0 = Debug|Any CPU
		{AAA90D34-001F-4D82-B785-07701410D1FD}.Release|Any CPU.ActiveCfg = Release|Any CPU
		{AAA90D34-001F-4D82-B785-07701410D1FD}.Release|Any CPU.Build.0 = Release|Any CPU
		{41F23214-D1C6-46FD-9447-A221D02008EE}.Debug|Any CPU.ActiveCfg = Debug|Any CPU
		{41F23214-D1C6-46FD-9447-A221D02008EE}.Debug|Any CPU.Build.0 = Debug|Any CPU
		{41F23214-D1C6-46FD-9447-A221D02008EE}.Release|Any CPU.ActiveCfg = Release|Any CPU
		{41F23214-D1C6-46FD-9447-A221D02008EE}.Release|Any CPU.Build.0 = Release|Any CPU
	EndGlobalSection
	GlobalSection(SolutionProperties) = preSolution
		HideSolutionNode = FALSE
	EndGlobalSection
	GlobalSection(NestedProjects) = preSolution
		{F43D97D2-A84E-4598-BE12-A70E27F92833} = {25D02574-EC8B-4818-8694-666791A6CA36}
		{D9885DC0-EC9F-496B-AD4B-1E1530526A33} = {2FB642A5-1CE9-4E65-85C3-DC06A96541BF}
		{8578958D-77E0-42BE-AEE1-E556488F109D} = {B14F89D6-E7EA-4DD2-9DB8-FCF67CD5921F}
		{624752EE-F1F3-45C1-80FD-C117DF873B59} = {B14F89D6-E7EA-4DD2-9DB8-FCF67CD5921F}
		{3E9FC693-ED4F-43AB-921F-9B573BA517BC} = {B14F89D6-E7EA-4DD2-9DB8-FCF67CD5921F}
		{AAA90D34-001F-4D82-B785-07701410D1FD} = {25D02574-EC8B-4818-8694-666791A6CA36}
		{41F23214-D1C6-46FD-9447-A221D02008EE} = {B14F89D6-E7EA-4DD2-9DB8-FCF67CD5921F}
	EndGlobalSection
	GlobalSection(ExtensibilityGlobals) = postSolution
		SolutionGuid = {CC750014-3881-47F5-9AED-A7FF3EBD17C1}
	EndGlobalSection
EndGlobal
